
Microsoft Visual Studio Solution File, Format Version 12.00
# Visual Studio Version 17
VisualStudioVersion = 17.7.34024.191
MinimumVisualStudioVersion = 10.0.40219.1
Project("{9A19103F-16F7-4668-BE54-9A1E7A4F7556}") = "ReksioLauncher-PL", "ReksioLauncher-PL.csproj", "{850B7AA3-35F6-485B-A96E-7951DFACFF0E}"
EndProject
Global
	GlobalSection(SolutionConfigurationPlatforms) = preSolution
		Debug|Any CPU = Debug|Any CPU
		Release|Any CPU = Release|Any CPU
	EndGlobalSection
	GlobalSection(ProjectConfigurationPlatforms) = postSolution
		{850B7AA3-35F6-485B-A96E-7951DFACFF0E}.Debug|Any CPU.ActiveCfg = Debug|Any CPU
		{850B7AA3-35F6-485B-A96E-7951DFACFF0E}.Debug|Any CPU.Build.0 = Debug|Any CPU
		{850B7AA3-35F6-485B-A96E-7951DFACFF0E}.Release|Any CPU.ActiveCfg = Release|Any CPU
		{850B7AA3-35F6-485B-A96E-7951DFACFF0E}.Release|Any CPU.Build.0 = Release|Any CPU
	EndGlobalSection
	GlobalSection(SolutionProperties) = preSolution
		HideSolutionNode = FALSE
	EndGlobalSection
	GlobalSection(ExtensibilityGlobals) = postSolution
		SolutionGuid = {408BE321-B641-41F5-8915-6CE952319818}
	EndGlobalSection
EndGlobal
